// !$*UTF8*$!
{
	archiveVersion = 1;
	classes = {
	};
	objectVersion = 56;
	objects = {

/* Begin PBXBuildFile section */
		447F23092C58D1B30037D433 /* AppDelegate.swift in Sources */ = {isa = PBXBuildFile; fileRef = 447F23082C58D1B30037D433 /* AppDelegate.swift */; };
		447F230B2C58D1B30037D433 /* SceneDelegate.swift in Sources */ = {isa = PBXBuildFile; fileRef = 447F230A2C58D1B30037D433 /* SceneDelegate.swift */; };
		447F230D2C58D1B30037D433 /* ViewController.swift in Sources */ = {isa = PBXBuildFile; fileRef = 447F230C2C58D1B30037D433 /* ViewController.swift */; };
		447F23122C58D1B40037D433 /* Assets.xcassets in Resources */ = {isa = PBXBuildFile; fileRef = 447F23112C58D1B40037D433 /* Assets.xcassets */; };
		447F23152C58D1B40037D433 /* Base in Resources */ = {isa = PBXBuildFile; fileRef = 447F23142C58D1B40037D433 /* Base */; };
		447F231E2C58D2200037D433 /* SnapKit in Frameworks */ = {isa = PBXBuildFile; productRef = 447F231D2C58D2200037D433 /* SnapKit */; };
		447F23212C58D23A0037D433 /* RxCocoa in Frameworks */ = {isa = PBXBuildFile; productRef = 447F23202C58D23A0037D433 /* RxCocoa */; };
		447F23232C58D23A0037D433 /* RxSwift in Frameworks */ = {isa = PBXBuildFile; productRef = 447F23222C58D23A0037D433 /* RxSwift */; };
		447F23252C58DBE60037D433 /* PickerViewController.swift in Sources */ = {isa = PBXBuildFile; fileRef = 447F23242C58DBE60037D433 /* PickerViewController.swift */; };
		447F23272C5902B20037D433 /* TableViewController.swift in Sources */ = {isa = PBXBuildFile; fileRef = 447F23262C5902B20037D433 /* TableViewController.swift */; };
		447F23292C5906C00037D433 /* SwitchViewController.swift in Sources */ = {isa = PBXBuildFile; fileRef = 447F23282C5906C00037D433 /* SwitchViewController.swift */; };
		447F232B2C590AEE0037D433 /* TextFieldViewController.swift in Sources */ = {isa = PBXBuildFile; fileRef = 447F232A2C590AEE0037D433 /* TextFieldViewController.swift */; };
		44E5D3962C5A394C008AD8B3 /* AddingNumbersViewController.swift in Sources */ = {isa = PBXBuildFile; fileRef = 44E5D3952C5A394C008AD8B3 /* AddingNumbersViewController.swift */; };
/* End PBXBuildFile section */

/* Begin PBXFileReference section */
		447F23052C58D1B30037D433 /* RxSwiftButtonPractice.app */ = {isa = PBXFileReference; explicitFileType = wrapper.application; includeInIndex = 0; path = RxSwiftButtonPractice.app; sourceTree = BUILT_PRODUCTS_DIR; };
		447F23082C58D1B30037D433 /* AppDelegate.swift */ = {isa = PBXFileReference; lastKnownFileType = sourcecode.swift; path = AppDelegate.swift; sourceTree = "<group>"; };
		447F230A2C58D1B30037D433 /* SceneDelegate.swift */ = {isa = PBXFileReference; lastKnownFileType = sourcecode.swift; path = SceneDelegate.swift; sourceTree = "<group>"; };
		447F230C2C58D1B30037D433 /* ViewController.swift */ = {isa = PBXFileReference; lastKnownFileType = sourcecode.swift; path = ViewController.swift; sourceTree = "<group>"; };
		447F23112C58D1B40037D433 /* Assets.xcassets */ = {isa = PBXFileReference; lastKnownFileType = folder.assetcatalog; path = Assets.xcassets; sourceTree = "<group>"; };
		447F23142C58D1B40037D433 /* Base */ = {isa = PBXFileReference; lastKnownFileType = file.storyboard; name = Base; path = Base.lproj/LaunchScreen.storyboard; sourceTree = "<group>"; };
		447F23162C58D1B40037D433 /* Info.plist */ = {isa = PBXFileReference; lastKnownFileType = text.plist.xml; path = Info.plist; sourceTree = "<group>"; };
		447F23242C58DBE60037D433 /* PickerViewController.swift */ = {isa = PBXFileReference; lastKnownFileType = sourcecode.swift; path = PickerViewController.swift; sourceTree = "<group>"; };
		447F23262C5902B20037D433 /* TableViewController.swift */ = {isa = PBXFileReference; lastKnownFileType = sourcecode.swift; path = TableViewController.swift; sourceTree = "<group>"; };
		447F23282C5906C00037D433 /* SwitchViewController.swift */ = {isa = PBXFileReference; lastKnownFileType = sourcecode.swift; path = SwitchViewController.swift; sourceTree = "<group>"; };
		447F232A2C590AEE0037D433 /* TextFieldViewController.swift */ = {isa = PBXFileReference; lastKnownFileType = sourcecode.swift; path = TextFieldViewController.swift; sourceTree = "<group>"; };
		44E5D3952C5A394C008AD8B3 /* AddingNumbersViewController.swift */ = {isa = PBXFileReference; lastKnownFileType = sourcecode.swift; path = AddingNumbersViewController.swift; sourceTree = "<group>"; };
/* End PBXFileReference section */

/* Begin PBXFrameworksBuildPhase section */
		447F23022C58D1B30037D433 /* Frameworks */ = {
			isa = PBXFrameworksBuildPhase;
			buildActionMask = 2147483647;
			files = (
				447F23232C58D23A0037D433 /* RxSwift in Frameworks */,
				447F23212C58D23A0037D433 /* RxCocoa in Frameworks */,
				447F231E2C58D2200037D433 /* SnapKit in Frameworks */,
			);
			runOnlyForDeploymentPostprocessing = 0;
		};
/* End PBXFrameworksBuildPhase section */

/* Begin PBXGroup section */
		447F22FC2C58D1B30037D433 = {
			isa = PBXGroup;
			children = (
				447F23072C58D1B30037D433 /* RxSwiftButtonPractice */,
				447F23062C58D1B30037D433 /* Products */,
			);
			sourceTree = "<group>";
		};
		447F23062C58D1B30037D433 /* Products */ = {
			isa = PBXGroup;
			children = (
				447F23052C58D1B30037D433 /* RxSwiftButtonPractice.app */,
			);
			name = Products;
			sourceTree = "<group>";
		};
		447F23072C58D1B30037D433 /* RxSwiftButtonPractice */ = {
			isa = PBXGroup;
			children = (
				447F23082C58D1B30037D433 /* AppDelegate.swift */,
				447F230A2C58D1B30037D433 /* SceneDelegate.swift */,
				447F230C2C58D1B30037D433 /* ViewController.swift */,
				447F23112C58D1B40037D433 /* Assets.xcassets */,
				447F23132C58D1B40037D433 /* LaunchScreen.storyboard */,
				447F23162C58D1B40037D433 /* Info.plist */,
				447F23242C58DBE60037D433 /* PickerViewController.swift */,
				447F23262C5902B20037D433 /* TableViewController.swift */,
				447F23282C5906C00037D433 /* SwitchViewController.swift */,
				447F232A2C590AEE0037D433 /* TextFieldViewController.swift */,
				44E5D3952C5A394C008AD8B3 /* AddingNumbersViewController.swift */,
			);
			path = RxSwiftButtonPractice;
			sourceTree = "<group>";
		};
/* End PBXGroup section */

/* Begin PBXNativeTarget section */
		447F23042C58D1B30037D433 /* RxSwiftButtonPractice */ = {
			isa = PBXNativeTarget;
			buildConfigurationList = 447F23192C58D1B40037D433 /* Build configuration list for PBXNativeTarget "RxSwiftButtonPractice" */;
			buildPhases = (
				447F23012C58D1B30037D433 /* Sources */,
				447F23022C58D1B30037D433 /* Frameworks */,
				447F23032C58D1B30037D433 /* Resources */,
			);
			buildRules = (
			);
			dependencies = (
			);
			name = RxSwiftButtonPractice;
			packageProductDependencies = (
				447F231D2C58D2200037D433 /* SnapKit */,
				447F23202C58D23A0037D433 /* RxCocoa */,
				447F23222C58D23A0037D433 /* RxSwift */,
			);
			productName = RxSwiftButtonPractice;
			productReference = 447F23052C58D1B30037D433 /* RxSwiftButtonPractice.app */;
			productType = "com.apple.product-type.application";
		};
/* End PBXNativeTarget section */

/* Begin PBXProject section */
		447F22FD2C58D1B30037D433 /* Project object */ = {
			isa = PBXProject;
			attributes = {
				BuildIndependentTargetsInParallel = 1;
				LastSwiftUpdateCheck = 1530;
				LastUpgradeCheck = 1530;
				TargetAttributes = {
					447F23042C58D1B30037D433 = {
						CreatedOnToolsVersion = 15.3;
					};
				};
			};
			buildConfigurationList = 447F23002C58D1B30037D433 /* Build configuration list for PBXProject "RxSwiftButtonPractice" */;
			compatibilityVersion = "Xcode 14.0";
			developmentRegion = en;
			hasScannedForEncodings = 0;
			knownRegions = (
				en,
				Base,
			);
			mainGroup = 447F22FC2C58D1B30037D433;
			packageReferences = (
				447F231C2C58D2200037D433 /* XCRemoteSwiftPackageReference "SnapKit" */,
				447F231F2C58D23A0037D433 /* XCRemoteSwiftPackageReference "RxSwift" */,
			);
			productRefGroup = 447F23062C58D1B30037D433 /* Products */;
			projectDirPath = "";
			projectRoot = "";
			targets = (
				447F23042C58D1B30037D433 /* RxSwiftButtonPractice */,
			);
		};
/* End PBXProject section */

/* Begin PBXResourcesBuildPhase section */
		447F23032C58D1B30037D433 /* Resources */ = {
			isa = PBXResourcesBuildPhase;
			buildActionMask = 2147483647;
			files = (
				447F23122C58D1B40037D433 /* Assets.xcassets in Resources */,
				447F23152C58D1B40037D433 /* Base in Resources */,
			);
			runOnlyForDeploymentPostprocessing = 0;
		};
/* End PBXResourcesBuildPhase section */

/* Begin PBXSourcesBuildPhase section */
		447F23012C58D1B30037D433 /* Sources */ = {
			isa = PBXSourcesBuildPhase;
			buildActionMask = 2147483647;
			files = (
				447F23292C5906C00037D433 /* SwitchViewController.swift in Sources */,
				447F230D2C58D1B30037D433 /* ViewController.swift in Sources */,
				44E5D3962C5A394C008AD8B3 /* AddingNumbersViewController.swift in Sources */,
				447F232B2C590AEE0037D433 /* TextFieldViewController.swift in Sources */,
				447F23092C58D1B30037D433 /* AppDelegate.swift in Sources */,
				447F23252C58DBE60037D433 /* PickerViewController.swift in Sources */,
				447F23272C5902B20037D433 /* TableViewController.swift in Sources */,
				447F230B2C58D1B30037D433 /* SceneDelegate.swift in Sources */,
			);
			runOnlyForDeploymentPostprocessing = 0;
		};
/* End PBXSourcesBuildPhase section */

/* Begin PBXVariantGroup section */
		447F23132C58D1B40037D433 /* LaunchScreen.storyboard */ = {
			isa = PBXVariantGroup;
			children = (
				447F23142C58D1B40037D433 /* Base */,
			);
			name = LaunchScreen.storyboard;
			sourceTree = "<group>";
		};
/* End PBXVariantGroup section */

/* Begin XCBuildConfiguration section */
		447F23172C58D1B40037D433 /* Debug */ = {
			isa = XCBuildConfiguration;
			buildSettings = {
				ALWAYS_SEARCH_USER_PATHS = NO;
				ASSETCATALOG_COMPILER_GENERATE_SWIFT_ASSET_SYMBOL_EXTENSIONS = YES;
				CLANG_ANALYZER_NONNULL = YES;
				CLANG_ANALYZER_NUMBER_OBJECT_CONVERSION = YES_AGGRESSIVE;
				CLANG_CXX_LANGUAGE_STANDARD = "gnu++20";
				CLANG_ENABLE_MODULES = YES;
				CLANG_ENABLE_OBJC_ARC = YES;
				CLANG_ENABLE_OBJC_WEAK = YES;
				CLANG_WARN_BLOCK_CAPTURE_AUTORELEASING = YES;
				CLANG_WARN_BOOL_CONVERSION = YES;
				CLANG_WARN_COMMA = YES;
				CLANG_WARN_CONSTANT_CONVERSION = YES;
				CLANG_WARN_DEPRECATED_OBJC_IMPLEMENTATIONS = YES;
				CLANG_WARN_DIRECT_OBJC_ISA_USAGE = YES_ERROR;
				CLANG_WARN_DOCUMENTATION_COMMENTS = YES;
				CLANG_WARN_EMPTY_BODY = YES;
				CLANG_WARN_ENUM_CONVERSION = YES;
				CLANG_WARN_INFINITE_RECURSION = YES;
				CLANG_WARN_INT_CONVERSION = YES;
				CLANG_WARN_NON_LITERAL_NULL_CONVERSION = YES;
				CLANG_WARN_OBJC_IMPLICIT_RETAIN_SELF = YES;
				CLANG_WARN_OBJC_LITERAL_CONVERSION = YES;
				CLANG_WARN_OBJC_ROOT_CLASS = YES_ERROR;
				CLANG_WARN_QUOTED_INCLUDE_IN_FRAMEWORK_HEADER = YES;
				CLANG_WARN_RANGE_LOOP_ANALYSIS = YES;
				CLANG_WARN_STRICT_PROTOTYPES = YES;
				CLANG_WARN_SUSPICIOUS_MOVE = YES;
				CLANG_WARN_UNGUARDED_AVAILABILITY = YES_AGGRESSIVE;
				CLANG_WARN_UNREACHABLE_CODE = YES;
				CLANG_WARN__DUPLICATE_METHOD_MATCH = YES;
				COPY_PHASE_STRIP = NO;
				DEBUG_INFORMATION_FORMAT = dwarf;
				ENABLE_STRICT_OBJC_MSGSEND = YES;
				ENABLE_TESTABILITY = YES;
				ENABLE_USER_SCRIPT_SANDBOXING = YES;
				GCC_C_LANGUAGE_STANDARD = gnu17;
				GCC_DYNAMIC_NO_PIC = NO;
				GCC_NO_COMMON_BLOCKS = YES;
				GCC_OPTIMIZATION_LEVEL = 0;
				GCC_PREPROCESSOR_DEFINITIONS = (
					"DEBUG=1",
					"$(inherited)",
				);
				GCC_WARN_64_TO_32_BIT_CONVERSION = YES;
				GCC_WARN_ABOUT_RETURN_TYPE = YES_ERROR;
				GCC_WARN_UNDECLARED_SELECTOR = YES;
				GCC_WARN_UNINITIALIZED_AUTOS = YES_AGGRESSIVE;
				GCC_WARN_UNUSED_FUNCTION = YES;
				GCC_WARN_UNUSED_VARIABLE = YES;
				IPHONEOS_DEPLOYMENT_TARGET = 17.4;
				LOCALIZATION_PREFERS_STRING_CATALOGS = YES;
				MTL_ENABLE_DEBUG_INFO = INCLUDE_SOURCE;
				MTL_FAST_MATH = YES;
				ONLY_ACTIVE_ARCH = YES;
				SDKROOT = iphoneos;
				SWIFT_ACTIVE_COMPILATION_CONDITIONS = "DEBUG $(inherited)";
				SWIFT_OPTIMIZATION_LEVEL = "-Onone";
			};
			name = Debug;
		};
		447F23182C58D1B40037D433 /* Release */ = {
			isa = XCBuildConfiguration;
			buildSettings = {
				ALWAYS_SEARCH_USER_PATHS = NO;
				ASSETCATALOG_COMPILER_GENERATE_SWIFT_ASSET_SYMBOL_EXTENSIONS = YES;
				CLANG_ANALYZER_NONNULL = YES;
				CLANG_ANALYZER_NUMBER_OBJECT_CONVERSION = YES_AGGRESSIVE;
				CLANG_CXX_LANGUAGE_STANDARD = "gnu++20";
				CLANG_ENABLE_MODULES = YES;
				CLANG_ENABLE_OBJC_ARC = YES;
				CLANG_ENABLE_OBJC_WEAK = YES;
				CLANG_WARN_BLOCK_CAPTURE_AUTORELEASING = YES;
				CLANG_WARN_BOOL_CONVERSION = YES;
				CLANG_WARN_COMMA = YES;
				CLANG_WARN_CONSTANT_CONVERSION = YES;
				CLANG_WARN_DEPRECATED_OBJC_IMPLEMENTATIONS = YES;
				CLANG_WARN_DIRECT_OBJC_ISA_USAGE = YES_ERROR;
				CLANG_WARN_DOCUMENTATION_COMMENTS = YES;
				CLANG_WARN_EMPTY_BODY = YES;
				CLANG_WARN_ENUM_CONVERSION = YES;
				CLANG_WARN_INFINITE_RECURSION = YES;
				CLANG_WARN_INT_CONVERSION = YES;
				CLANG_WARN_NON_LITERAL_NULL_CONVERSION = YES;
				CLANG_WARN_OBJC_IMPLICIT_RETAIN_SELF = YES;
				CLANG_WARN_OBJC_LITERAL_CONVERSION = YES;
				CLANG_WARN_OBJC_ROOT_CLASS = YES_ERROR;
				CLANG_WARN_QUOTED_INCLUDE_IN_FRAMEWORK_HEADER = YES;
				CLANG_WARN_RANGE_LOOP_ANALYSIS = YES;
				CLANG_WARN_STRICT_PROTOTYPES = YES;
				CLANG_WARN_SUSPICIOUS_MOVE = YES;
				CLANG_WARN_UNGUARDED_AVAILABILITY = YES_AGGRESSIVE;
				CLANG_WARN_UNREACHABLE_CODE = YES;
				CLANG_WARN__DUPLICATE_METHOD_MATCH = YES;
				COPY_PHASE_STRIP = NO;
				DEBUG_INFORMATION_FORMAT = "dwarf-with-dsym";
				ENABLE_NS_ASSERTIONS = NO;
				ENABLE_STRICT_OBJC_MSGSEND = YES;
				ENABLE_USER_SCRIPT_SANDBOXING = YES;
				GCC_C_LANGUAGE_STANDARD = gnu17;
				GCC_NO_COMMON_BLOCKS = YES;
				GCC_WARN_64_TO_32_BIT_CONVERSION = YES;
				GCC_WARN_ABOUT_RETURN_TYPE = YES_ERROR;
				GCC_WARN_UNDECLARED_SELECTOR = YES;
				GCC_WARN_UNINITIALIZED_AUTOS = YES_AGGRESSIVE;
				GCC_WARN_UNUSED_FUNCTION = YES;
				GCC_WARN_UNUSED_VARIABLE = YES;
				IPHONEOS_DEPLOYMENT_TARGET = 17.4;
				LOCALIZATION_PREFERS_STRING_CATALOGS = YES;
				MTL_ENABLE_DEBUG_INFO = NO;
				MTL_FAST_MATH = YES;
				SDKROOT = iphoneos;
				SWIFT_COMPILATION_MODE = wholemodule;
				VALIDATE_PRODUCT = YES;
			};
			name = Release;
		};
		447F231A2C58D1B40037D433 /* Debug */ = {
			isa = XCBuildConfiguration;
			buildSettings = {
				ASSETCATALOG_COMPILER_APPICON_NAME = AppIcon;
				ASSETCATALOG_COMPILER_GLOBAL_ACCENT_COLOR_NAME = AccentColor;
				CODE_SIGN_STYLE = Automatic;
				CURRENT_PROJECT_VERSION = 1;
				DEVELOPMENT_TEAM = 9M37U587ZT;
				GENERATE_INFOPLIST_FILE = YES;
				INFOPLIST_FILE = RxSwiftButtonPractice/Info.plist;
				INFOPLIST_KEY_UIApplicationSupportsIndirectInputEvents = YES;
				INFOPLIST_KEY_UILaunchStoryboardName = LaunchScreen;
				INFOPLIST_KEY_UISupportedInterfaceOrientations = UIInterfaceOrientationPortrait;
				INFOPLIST_KEY_UISupportedInterfaceOrientations_iPad = UIInterfaceOrientationPortrait;
				IPHONEOS_DEPLOYMENT_TARGET = 16.0;
				LD_RUNPATH_SEARCH_PATHS = (
					"$(inherited)",
					"@executable_path/Frameworks",
				);
				MARKETING_VERSION = 1.0;
				PRODUCT_BUNDLE_IDENTIFIER = com.daeyunkwon.RxSwiftButtonPractice;
				PRODUCT_NAME = "$(TARGET_NAME)";
				SUPPORTED_PLATFORMS = "iphoneos iphonesimulator";
				SUPPORTS_MACCATALYST = NO;
				SUPPORTS_MAC_DESIGNED_FOR_IPHONE_IPAD = NO;
				SUPPORTS_XR_DESIGNED_FOR_IPHONE_IPAD = NO;
				SWIFT_EMIT_LOC_STRINGS = YES;
				SWIFT_VERSION = 5.0;
				TARGETED_DEVICE_FAMILY = 1;
			};
			name = Debug;
		};
		447F231B2C58D1B40037D433 /* Release */ = {
			isa = XCBuildConfiguration;
			buildSettings = {
				ASSETCATALOG_COMPILER_APPICON_NAME = AppIcon;
				ASSETCATALOG_COMPILER_GLOBAL_ACCENT_COLOR_NAME = AccentColor;
				CODE_SIGN_STYLE = Automatic;
				CURRENT_PROJECT_VERSION = 1;
				DEVELOPMENT_TEAM = 9M37U587ZT;
				GENERATE_INFOPLIST_FILE = YES;
				INFOPLIST_FILE = RxSwiftButtonPractice/Info.plist;
				INFOPLIST_KEY_UIApplicationSupportsIndirectInputEvents = YES;
				INFOPLIST_KEY_UILaunchStoryboardName = LaunchScreen;
				INFOPLIST_KEY_UISupportedInterfaceOrientations = UIInterfaceOrientationPortrait;
				INFOPLIST_KEY_UISupportedInterfaceOrientations_iPad = UIInterfaceOrientationPortrait;
				IPHONEOS_DEPLOYMENT_TARGET = 16.0;
				LD_RUNPATH_SEARCH_PATHS = (
					"$(inherited)",
					"@executable_path/Frameworks",
				);
				MARKETING_VERSION = 1.0;
				PRODUCT_BUNDLE_IDENTIFIER = com.daeyunkwon.RxSwiftButtonPractice;
				PRODUCT_NAME = "$(TARGET_NAME)";
				SUPPORTED_PLATFORMS = "iphoneos iphonesimulator";
				SUPPORTS_MACCATALYST = NO;
				SUPPORTS_MAC_DESIGNED_FOR_IPHONE_IPAD = NO;
				SUPPORTS_XR_DESIGNED_FOR_IPHONE_IPAD = NO;
				SWIFT_EMIT_LOC_STRINGS = YES;
				SWIFT_VERSION = 5.0;
				TARGETED_DEVICE_FAMILY = 1;
			};
			name = Release;
		};
/* End XCBuildConfiguration section */

/* Begin XCConfigurationList section */
		447F23002C58D1B30037D433 /* Build configuration list for PBXProject "RxSwiftButtonPractice" */ = {
			isa = XCConfigurationList;
			buildConfigurations = (
				447F23172C58D1B40037D433 /* Debug */,
				447F23182C58D1B40037D433 /* Release */,
			);
			defaultConfigurationIsVisible = 0;
			defaultConfigurationName = Release;
		};
		447F23192C58D1B40037D433 /* Build configuration list for PBXNativeTarget "RxSwiftButtonPractice" */ = {
			isa = XCConfigurationList;
			buildConfigurations = (
				447F231A2C58D1B40037D433 /* Debug */,
				447F231B2C58D1B40037D433 /* Release */,
			);
			defaultConfigurationIsVisible = 0;
			defaultConfigurationName = Release;
		};
/* End XCConfigurationList section */

/* Begin XCRemoteSwiftPackageReference section */
		447F231C2C58D2200037D433 /* XCRemoteSwiftPackageReference "SnapKit" */ = {
			isa = XCRemoteSwiftPackageReference;
			repositoryURL = "https://github.com/SnapKit/SnapKit";
			requirement = {
				kind = upToNextMajorVersion;
				minimumVersion = 5.7.1;
			};
		};
		447F231F2C58D23A0037D433 /* XCRemoteSwiftPackageReference "RxSwift" */ = {
			isa = XCRemoteSwiftPackageReference;
			repositoryURL = "https://github.com/ReactiveX/RxSwift";
			requirement = {
				kind = upToNextMajorVersion;
				minimumVersion = 6.7.1;
			};
		};
/* End XCRemoteSwiftPackageReference section */

/* Begin XCSwiftPackageProductDependency section */
		447F231D2C58D2200037D433 /* SnapKit */ = {
			isa = XCSwiftPackageProductDependency;
			package = 447F231C2C58D2200037D433 /* XCRemoteSwiftPackageReference "SnapKit" */;
			productName = SnapKit;
		};
		447F23202C58D23A0037D433 /* RxCocoa */ = {
			isa = XCSwiftPackageProductDependency;
			package = 447F231F2C58D23A0037D433 /* XCRemoteSwiftPackageReference "RxSwift" */;
			productName = RxCocoa;
		};
		447F23222C58D23A0037D433 /* RxSwift */ = {
			isa = XCSwiftPackageProductDependency;
			package = 447F231F2C58D23A0037D433 /* XCRemoteSwiftPackageReference "RxSwift" */;
			productName = RxSwift;
		};
/* End XCSwiftPackageProductDependency section */
	};
	rootObject = 447F22FD2C58D1B30037D433 /* Project object */;
}
